lockfileVersion: '9.0'

settings:
  autoInstallPeers: true
  excludeLinksFromLockfile: false

importers:

  .: {}

  services/target-service:
    dependencies:
      '@launchdarkly/node-server-sdk':
        specifier: 9.13.1
        version: 9.13.1
      '@prometheus-io/client':
        specifier: 0.16.1
        version: 0.16.1
      pino:
        specifier: 10.3.1
        version: 10.3.1

packages:

  '@launchdarkly/js-sdk-common@2.25.2':
    resolution: {integrity: sha512-l/OJiIGnLS6Qt6J/Lc3KgUXL4vAES5wsxIgNZcw3yCUbDEuTyVR9Qya9Aqy1klg2kF1VsHiY2wvaKimlIZK7+g==}

  '@launchdarkly/js-server-sdk-common@2.20.1':
    resolution: {integrity: sha512-EJqkXMtr/mIupsBw3PI/nxdmxYPD3kdCwyozgiCz41fG1PXcbT9tlymqNi0znqHGDH99Ru4vSG5YzoP8uqqMZg==}

  '@launchdarkly/node-server-sdk@9.13.1':
    resolution: {integrity: sha512-ZVp0PVxns8K8bH9Wd7vtp3GrvSgZK/F88wixB3yl92/4ytYCjyFIQWh3rtbSByNIXC1Ct92JMvDzyTcZdzUnOQ==}

  '@opentelemetry/api@1.9.1':
    resolution: {integrity: sha512-gLyJlPHPZYdAk1JENA9LeHejZe1Ti77/pTeFm/nMXmQH/HFZlcS/O2XJB+L8fkbrNSqhdtlvjBVjxwUYanNH5Q==}
    engines: {node: '>=8.0.0'}

  '@pinojs/redact@0.4.0':
    resolution: {integrity: sha512-k2ENnmBugE/rzQfEcdWHcCY+/FM3VLzH9cYEsbdsoqrvzAKRhUZeRNhAZvB8OitQJ1TBed3yqWtdjzS6wJKBwg==}

  '@prometheus-io/client@0.16.1':
    resolution: {integrity: sha512-XkFPsGFGoSs/UMg/vh0QLDpanl/tsrOV5PLHdpGe8Ho+ir/Llhytr15j6y8ZwLrpIGzK9gTVVpIalA6C4UjUZw==}
    engines: {node: ^22 || ^24 || >=26}

  agent-base@7.1.4:
    resolution: {integrity: sha512-MnA+YT8fwfJPgBx3m60MNqakm30XOkyIoH1y6huTQvC0PwZG7ki8NacLBcrPbNoo8vEZy7Jpuk7+jMO+CUovTQ==}
    engines: {node: '>= 14'}

  atomic-sleep@1.0.0:
    resolution: {integrity: sha512-kNOjDqAh7px0XWNI+4QbzoiR/nTkHAWNud2uvnJquD1/x5a7EQZMJT0AczqK0Qn67oY/TTQ1LbUKajZpp3I9tQ==}
    engines: {node: '>=8.0.0'}

  bintrees@1.0.2:
    resolution: {integrity: sha512-VOMgTMwjAaUG580SXn3LacVgjurrbMme7ZZNYGSSV7mmtY6QQRh0Eg3pwIcntQ77DErK1L0NxkbetjcoXzVwKw==}

  debug@4.4.3:
    resolution: {integrity: sha512-RGwwWnwQvkVfavKVt22FGLw+xYSdzARwm0ru6DhTVA3umU5hZc28V3kO4stgYryrTlLpuvgI9GiijltAjNbcqA==}
    engines: {node: '>=6.0'}
    peerDependencies:
      supports-color: '*'
    peerDependenciesMeta:
      supports-color:
        optional: true

  https-proxy-agent@7.0.6:
    resolution: {integrity: sha512-vK9P5/iUfdl95AI+JVyUuIcVtd4ofvtrOr3HNtM2yxC9bnMbEdp3x01OhQNnjb8IJYi38VlTE3mBXwcfvywuSw==}
    engines: {node: '>= 14'}

  launchdarkly-eventsource@2.2.0:
    resolution: {integrity: sha512-u38fYlLSq/m6oFz0MS1/76Sj2xzlYhTKZ+sf/vju6PA86PMc6fPlY5k8CdU79edLXjNwsvIQTDvDNy3llDqB8A==}
    engines: {node: '>=0.12.0'}

  lru-cache@6.0.0:
    resolution: {integrity: sha512-Jo6dJ04CmSjuznwJSS3pUeWmd/H0ffTlkXXgwZi+eq1UCmqQwCh+eLsYOYCwY991i2Fah4h1BEMCx4qThGbsiA==}
    engines: {node: '>=10'}

  ms@2.1.3:
    resolution: {integrity: sha512-6FlzubTLZG3J2a/NVCAleEhjzq5oxgHyaCU9yYXvcLsvoVaHJq/s5xXI6/XXP6tz7R9xAOtHnSO/tXtF3WRTlA==}

  on-exit-leak-free@2.1.2:
    resolution: {integrity: sha512-0eJJY6hXLGf1udHwfNftBqH+g73EU4B504nZeKpz1sYRKafAghwxEJunB2O7rDZkL4PGfsMVnTXZ2EjibbqcsA==}
    engines: {node: '>=14.0.0'}

  pino-abstract-transport@3.0.0:
    resolution: {integrity: sha512-wlfUczU+n7Hy/Ha5j9a/gZNy7We5+cXp8YL+X+PG8S0KXxw7n/JXA3c46Y0zQznIJ83URJiwy7Lh56WLokNuxg==}

  pino-std-serializers@7.1.0:
    resolution: {integrity: sha512-BndPH67/JxGExRgiX1dX0w1FvZck5Wa4aal9198SrRhZjH3GxKQUKIBnYJTdj2HDN3UQAS06HlfcSbQj2OHmaw==}

  pino@10.3.1:
    resolution: {integrity: sha512-r34yH/GlQpKZbU1BvFFqOjhISRo1MNx1tWYsYvmj6KIRHSPMT2+yHOEb1SG6NMvRoHRF0a07kCOox/9yakl1vg==}
    hasBin: true

  process-warning@5.1.0:
    resolution: {integrity: sha512-jQSaVHsPgtyw60e1rQ/A+/ArPEj/S8pS/vFnyGa/gYFXrKk/6RuDkoqVDQ5NI5MmS01698ltlAk0NoDBNLujRw==}

  quick-format-unescaped@4.0.4:
    resolution: {integrity: sha512-tYC1Q1hgyRuHgloV/YXs2w15unPVh8qfu/qCTfhTYamaw7fyhumKa2yGpdSo87vY32rIclj+4fWYQXUMs9EHvg==}

  real-require@0.2.0:
    resolution: {integrity: sha512-57frrGM/OCTLqLOAh0mhVA9VBMHd+9U7Zb2THMGdBUoZVOtGbJzjxsYGDJ3A9AYYCP4hn6y1TVbaOfzWtm5GFg==}
    engines: {node: '>= 12.13.0'}

  real-require@1.0.0:
    resolution: {integrity: sha512-P4nbQYQfePJxRSmY+v/KINxVucm4NF3p3s7pJveMTtom52FR4YGltUQLB8idDXwDDWW+eYrWDFbuzUnjoWHF7g==}

  safe-stable-stringify@2.5.0:
    resolution: {integrity: sha512-b3rppTKm9T+PsVCBEOUR46GWI7fdOs00VKZ1+9c1EWDaDMvjQc6tUwuFyIprgGgTcWoVHSKrU8H31ZHA2e0RHA==}
    engines: {node: '>=10'}

  semver@7.5.4:
    resolution: {integrity: sha512-1bCSESV6Pv+i21Hvpxp3Dx+pSD8lIPt8uVjRrxAUt/nbswYc+tK6Y2btiULjd4+fnq15PX+nqQDC7Oft7WkwcA==}
    engines: {node: '>=10'}
    hasBin: true

  sonic-boom@4.2.1:
    resolution: {integrity: sha512-w6AxtubXa2wTXAUsZMMWERrsIRAdrK0Sc+FUytWvYAhBJLyuI4llrMIC1DtlNSdI99EI86KZum2MMq3EAZlF9Q==}

  split2@4.2.0:
    resolution: {integrity: sha512-UcjcJOWknrNkF6PLX83qcHM6KHgVKNkV62Y8a5uYDVv9ydGQVwAHMKqHdJje1VTWpljG0WYpCDhrCdAOYH4TWg==}
    engines: {node: '>= 10.x'}

  tdigest@0.1.3:
    resolution: {integrity: sha512-zbRt+lT+/H4fRItHshczHErVCQnitJk8MfMT24MqFJf3YL7SJJPqGIGeuOdvxXxM/AHFzKBl7WoyaYwqO9s3Kw==}

  thread-stream@4.2.0:
    resolution: {integrity: sha512-e2zZ96wSChazBsbENf/Pcm/4swHt2cEKQ92rhUjkL9GCKiTDJIaTBenjE/m9DXi0QBmTMDkFDdOomUy20A1tDQ==}
    engines: {node: '>=20'}

  yallist@4.0.0:
    resolution: {integrity: sha512-3wdGidZyq5PB084XLES5TpOSRA3wjXAlIWMhum2kRcv/41Sn2emQ0dycQW4uZXLejwKvg6EsvbdlVL+FYEct7A==}

snapshots:

  '@launchdarkly/js-sdk-common@2.25.2': {}

  '@launchdarkly/js-server-sdk-common@2.20.1':
    dependencies:
      '@launchdarkly/js-sdk-common': 2.25.2
      semver: 7.5.4

  '@launchdarkly/node-server-sdk@9.13.1':
    dependencies:
      '@launchdarkly/js-server-sdk-common': 2.20.1
      https-proxy-agent: 7.0.6
      launchdarkly-eventsource: 2.2.0
    transitivePeerDependencies:
      - supports-color

  '@opentelemetry/api@1.9.1': {}

  '@pinojs/redact@0.4.0': {}

  '@prometheus-io/client@0.16.1':
    dependencies:
      '@opentelemetry/api': 1.9.1
      tdigest: 0.1.3

  agent-base@7.1.4: {}

  atomic-sleep@1.0.0: {}

  bintrees@1.0.2: {}

  debug@4.4.3:
    dependencies:
      ms: 2.1.3

  https-proxy-agent@7.0.6:
    dependencies:
      agent-base: 7.1.4
      debug: 4.4.3
    transitivePeerDependencies:
      - supports-color

  launchdarkly-eventsource@2.2.0: {}

  lru-cache@6.0.0:
    dependencies:
      yallist: 4.0.0

  ms@2.1.3: {}

  on-exit-leak-free@2.1.2: {}

  pino-abstract-transport@3.0.0:
    dependencies:
      split2: 4.2.0

  pino-std-serializers@7.1.0: {}

  pino@10.3.1:
    dependencies:
      '@pinojs/redact': 0.4.0
      atomic-sleep: 1.0.0
      on-exit-leak-free: 2.1.2
      pino-abstract-transport: 3.0.0
      pino-std-serializers: 7.1.0
      process-warning: 5.1.0
      quick-format-unescaped: 4.0.4
      real-require: 0.2.0
      safe-stable-stringify: 2.5.0
      sonic-boom: 4.2.1
      thread-stream: 4.2.0

  process-warning@5.1.0: {}

  quick-format-unescaped@4.0.4: {}

  real-require@0.2.0: {}

  real-require@1.0.0: {}

  safe-stable-stringify@2.5.0: {}

  semver@7.5.4:
    dependencies:
      lru-cache: 6.0.0

  sonic-boom@4.2.1:
    dependencies:
      atomic-sleep: 1.0.0

  split2@4.2.0: {}

  tdigest@0.1.3:
    dependencies:
      bintrees: 1.0.2

  thread-stream@4.2.0:
    dependencies:
      real-require: 1.0.0

  yallist@4.0.0: {}
